<?xml version="1.0" encoding="utf-8"?>
<Project ToolsVersion="4.0" xmlns="http://schemas.microsoft.com/developer/msbuild/2003">
  <ItemGroup>
    <Filter Include="Resource Files">
      <UniqueIdentifier>{67DA6AB6-F800-4c08-8B7A-83BB121AAD01}</UniqueIdentifier>
      <Extensions>rc;ico;cur;bmp;dlg;rc2;rct;bin;rgs;gif;jpg;jpeg;jpe;resx;tiff;tif;png;wav;mfcribbon-ms</Extensions>
    </Filter>
    <Filter Include="Source">
      <UniqueIdentifier>{4FC737F1-C7A5-4376-A066-2A32D752A2FF}</UniqueIdentifier>
      <Extensions>cpp;c;cc;cxx;def;odl;idl;hpj;bat;asm;asmx</Extensions>
    </Filter>
    <Filter Include="Source\Main">
      <UniqueIdentifier>{fad35d1c-65d6-4a22-a2a9-1e13bcbd1deb}</UniqueIdentifier>
    </Filter>
    <Filter Include="Source\Common">
      <UniqueIdentifier>{7f41f4cb-8aa3-4ec8-99af-2971a7936aaa}</UniqueIdentifier>
    </Filter>
    <Filter Include="Source\Shaders">
      <UniqueIdentifier>{71c7268c-fc08-4f4b-b930-b3972f44c13a}</UniqueIdentifier>
    </Filter>
    <Filter Include="Header Files">
      <UniqueIdentifier>{3d3466c8-50be-4f18-807a-e8fed1839605}</UniqueIdentifier>
    </Filter>
    <Filter Include="Source\Darwin">
      <UniqueIdentifier>{5581e3e6-5623-4f85-9cef-3720bb664f3d}</UniqueIdentifier>
    </Filter>
  </ItemGroup>
  <ItemGroup>
    <ClCompile Include="..\Source\Main\Main-Win32.cpp">
      <Filter>Source\Main</Filter>
    </ClCompile>
    <ClCompile Include="..\Source\Main\Main-Darwin.cpp">
      <Filter>Source\Main</Filter>
    </ClCompile>
    <ClCompile Include="..\..\..\..\Desktop\OpenGLTutorial\Tutorial1\src\Camera.cpp">
      <Filter>Source\Darwin</Filter>
    </ClCompile>
  </ItemGroup>
  <ItemGroup>
    <ClInclude Include="..\Source\Common\Defines.h">
      <Filter>Source\Common</Filter>
    </ClInclude>
    <ClInclude Include="inc\Camera.h">
      <Filter>Header Files</Filter>
    </ClInclude>
    <ClInclude Include="inc\DarwinPCH.h">
      <Filter>Header Files</Filter>
    </ClInclude>
  </ItemGroup>
  <ItemGroup>
    <FxCompile Include="..\Source\Shaders\SimpleVertexShader.hlsl">
      <Filter>Source\Shaders</Filter>
    </FxCompile>
    <FxCompile Include="..\Source\Shaders\SimplePixelShader.hlsl">
      <Filter>Source\Shaders</Filter>
    </FxCompile>
  </ItemGroup>
  <ItemGroup>
    <None Include="data\shaders\simpleShader.frag">
      <Filter>Source\Shaders</Filter>
    </None>
    <None Include="data\shaders\simpleShader.vert">
      <Filter>Source\Shaders</Filter>
    </None>
  </ItemGroup>
</Project>